
Microsoft Visual Studio Solution File, Format Version 12.00
# Visual Studio Version 16
VisualStudioVersion = 16.0.31624.102
MinimumVisualStudioVersion = 10.0.40219.1
Project("{FAE04EC0-301F-11D3-BF4B-00C04F79EFBC}") = "5_Chapter", "5_Chapter.csproj", "{7E99AB9B-7901-4965-89B3-B6A37A3F058F}"
EndProject
Global
	GlobalSection(SolutionConfigurationPlatforms) = preSolution
		Debug|Any CPU = Debug|Any CPU
		Release|Any CPU = Release|Any CPU
	EndGlobalSection
	GlobalSection(ProjectConfigurationPlatforms) = postSolution
		{7E99AB9B-7901-4965-89B3-B6A37A3F058F}.Debug|Any CPU.ActiveCfg = Debug|Any CPU
		{7E99AB9B-7901-4965-89B3-B6A37A3F058F}.Debug|Any CPU.Build.0 = Debug|Any CPU
		{7E99AB9B-7901-4965-89B3-B6A37A3F058F}.Release|Any CPU.ActiveCfg = Release|Any CPU
		{7E99AB9B-7901-4965-89B3-B6A37A3F058F}.Release|Any CPU.Build.0 = Release|Any CPU
	EndGlobalSection
	GlobalSection(SolutionProperties) = preSolution
		HideSolutionNode = FALSE
	EndGlobalSection
	GlobalSection(ExtensibilityGlobals) = postSolution
		SolutionGuid = {96B98073-EC1C-4339-A525-3EA7BA27931D}
	EndGlobalSection
EndGlobal
